
Microsoft Visual Studio Solution File, Format Version 12.00
# Visual Studio 2015
Project("{FAE04EC0-301F-11D3-BF4B-00C04F79EFBC}") = "Soluna's Secret.CSharp", "Soluna's Secret.CSharp.csproj", "{9793D73E-259F-9D57-894C-8249451A0A14}"
EndProject
Project("{FAE04EC0-301F-11D3-BF4B-00C04F79EFBC}") = "Soluna's Secret.CSharp.Editor", "Soluna's Secret.CSharp.Editor.csproj", "{063BC554-2017-061F-2821-F0814BAC564A}"
EndProject
Global
	GlobalSection(SolutionConfigurationPlatforms) = preSolution
		Debug|Any CPU = Debug|Any CPU
		Release|Any CPU = Release|Any CPU
	EndGlobalSection
	GlobalSection(ProjectConfigurationPlatforms) = postSolution
		{9793D73E-259F-9D57-894C-8249451A0A14}.Debug|Any CPU.ActiveCfg = Debug|Any CPU
		{9793D73E-259F-9D57-894C-8249451A0A14}.Debug|Any CPU.Build.0 = Debug|Any CPU
		{9793D73E-259F-9D57-894C-8249451A0A14}.Release|Any CPU.ActiveCfg = Release|Any CPU
		{9793D73E-259F-9D57-894C-8249451A0A14}.Release|Any CPU.Build.0 = Release|Any CPU
		{063BC554-2017-061F-2821-F0814BAC564A}.Debug|Any CPU.ActiveCfg = Debug|Any CPU
		{063BC554-2017-061F-2821-F0814BAC564A}.Debug|Any CPU.Build.0 = Debug|Any CPU
		{063BC554-2017-061F-2821-F0814BAC564A}.Release|Any CPU.ActiveCfg = Release|Any CPU
		{063BC554-2017-061F-2821-F0814BAC564A}.Release|Any CPU.Build.0 = Release|Any CPU
	EndGlobalSection
	GlobalSection(SolutionProperties) = preSolution
		HideSolutionNode = FALSE
	EndGlobalSection
EndGlobal
