
Microsoft Visual Studio Solution File, Format Version 12.00
# Visual Studio 2017
Project("{FAE04EC0-301F-11D3-BF4B-00C04F79EFBC}") = "Soluna's Secret", "Soluna's Secret.csproj", "{41FDA348-9A0F-83C7-5874-EAB0AD9E8810}"
EndProject
Project("{FAE04EC0-301F-11D3-BF4B-00C04F79EFBC}") = "Soluna's Secret.Editor", "Soluna's Secret.Editor.csproj", "{951592E1-7D34-E347-7B2C-7CB3381B1371}"
EndProject
Global
	GlobalSection(SolutionConfigurationPlatforms) = preSolution
		Debug|Any CPU = Debug|Any CPU
		Release|Any CPU = Release|Any CPU
	EndGlobalSection
	GlobalSection(ProjectConfigurationPlatforms) = postSolution
		{41FDA348-9A0F-83C7-5874-EAB0AD9E8810}.Debug|Any CPU.ActiveCfg = Debug|Any CPU
		{41FDA348-9A0F-83C7-5874-EAB0AD9E8810}.Debug|Any CPU.Build.0 = Debug|Any CPU
		{41FDA348-9A0F-83C7-5874-EAB0AD9E8810}.Release|Any CPU.ActiveCfg = Release|Any CPU
		{41FDA348-9A0F-83C7-5874-EAB0AD9E8810}.Release|Any CPU.Build.0 = Release|Any CPU
		{951592E1-7D34-E347-7B2C-7CB3381B1371}.Debug|Any CPU.ActiveCfg = Debug|Any CPU
		{951592E1-7D34-E347-7B2C-7CB3381B1371}.Debug|Any CPU.Build.0 = Debug|Any CPU
		{951592E1-7D34-E347-7B2C-7CB3381B1371}.Release|Any CPU.ActiveCfg = Release|Any CPU
		{951592E1-7D34-E347-7B2C-7CB3381B1371}.Release|Any CPU.Build.0 = Release|Any CPU
	EndGlobalSection
	GlobalSection(SolutionProperties) = preSolution
		HideSolutionNode = FALSE
	EndGlobalSection
EndGlobal
